{
  "name": "language-regent",
  "version": "0.5.0",
  "lockfileVersion": 1,
  "requires": true,
  "dependencies": {
    "nan": {
      "version": "2.12.1",
      "resolved": "https://registry.npmjs.org/nan/-/nan-2.12.1.tgz",
      "integrity": "sha512-JY7V6lRkStKcKTvHO5NVSQRv+RV+FIL5pvDoLiAtSL9pKlC5x9PKQcZDsq7m4FO4d57mkhC6Z+QhAh3Jdk5JFw=="
    },
    "tree-sitter-regent": {
      "version": "0.3.1",
      "resolved": "https://registry.npmjs.org/tree-sitter-regent/-/tree-sitter-regent-0.3.1.tgz",
      "integrity": "sha512-uspkyOMBpVDb0QPML+emXvMlv9adIw0MdUOwQh1O/2rTDWIeiJ93AYuj0C3ygp7VuEL9Yn0GwXD4h48HKkjoRQ==",
      "requires": {
        "nan": "^2.12.1"
      }
    }
  }
}
